// !$*UTF8*$!
{
	archiveVersion = 1;
	classes = {
	};
	objectVersion = 46;
	objects = {

/* Begin PBXBuildFile section */
		F1022D4F1B86884E00EB05E9 /* AppDelegate.swift in Sources */ = {isa = PBXBuildFile; fileRef = F1022D4E1B86884E00EB05E9 /* AppDelegate.swift */; };
		F1022D511B86884E00EB05E9 /* Images.xcassets in Resources */ = {isa = PBXBuildFile; fileRef = F1022D501B86884E00EB05E9 /* Images.xcassets */; };
		F1022D541B86884F00EB05E9 /* MainMenu.xib in Resources */ = {isa = PBXBuildFile; fileRef = F1022D521B86884F00EB05E9 /* MainMenu.xib */; };
		F1022D601B86884F00EB05E9 /* iAds_MuterTests.swift in Sources */ = {isa = PBXBuildFile; fileRef = F1022D5F1B86884F00EB05E9 /* iAds_MuterTests.swift */; };
/* End PBXBuildFile section */

/* Begin PBXContainerItemProxy section */
		F1022D5A1B86884F00EB05E9 /* PBXContainerItemProxy */ = {
			isa = PBXContainerItemProxy;
			containerPortal = F1022D411B86884E00EB05E9 /* Project object */;
			proxyType = 1;
			remoteGlobalIDString = F1022D481B86884E00EB05E9;
			remoteInfo = "iAds Muter";
		};
/* End PBXContainerItemProxy section */

/* Begin PBXFileReference section */
		F1022D491B86884E00EB05E9 /* iAds Muter.app */ = {isa = PBXFileReference; explicitFileType = wrapper.application; includeInIndex = 0; path = "iAds Muter.app"; sourceTree = BUILT_PRODUCTS_DIR; };
		F1022D4D1B86884E00EB05E9 /* Info.plist */ = {isa = PBXFileReference; lastKnownFileType = text.plist.xml; path = Info.plist; sourceTree = "<group>"; };
		F1022D4E1B86884E00EB05E9 /* AppDelegate.swift */ = {isa = PBXFileReference; lastKnownFileType = sourcecode.swift; path = AppDelegate.swift; sourceTree = "<group>"; };
		F1022D501B86884E00EB05E9 /* Images.xcassets */ = {isa = PBXFileReference; lastKnownFileType = folder.assetcatalog; path = Images.xcassets; sourceTree = "<group>"; };
		F1022D531B86884F00EB05E9 /* Base */ = {isa = PBXFileReference; lastKnownFileType = file.xib; name = Base; path = Base.lproj/MainMenu.xib; sourceTree = "<group>"; };
		F1022D591B86884F00EB05E9 /* iAds MuterTests.xctest */ = {isa = PBXFileReference; explicitFileType = wrapper.cfbundle; includeInIndex = 0; path = "iAds MuterTests.xctest"; sourceTree = BUILT_PRODUCTS_DIR; };
		F1022D5E1B86884F00EB05E9 /* Info.plist */ = {isa = PBXFileReference; lastKnownFileType = text.plist.xml; path = Info.plist; sourceTree = "<group>"; };
		F1022D5F1B86884F00EB05E9 /* iAds_MuterTests.swift */ = {isa = PBXFileReference; lastKnownFileType = sourcecode.swift; path = iAds_MuterTests.swift; sourceTree = "<group>"; };
/* End PBXFileReference section */

/* Begin PBXFrameworksBuildPhase section */
		F1022D461B86884E00EB05E9 /* Frameworks */ = {
			isa = PBXFrameworksBuildPhase;
			buildActionMask = 2147483647;
			files = (
			);
			runOnlyForDeploymentPostprocessing = 0;
		};
		F1022D561B86884F00EB05E9 /* Frameworks */ = {
			isa = PBXFrameworksBuildPhase;
			buildActionMask = 2147483647;
			files = (
			);
			runOnlyForDeploymentPostprocessing = 0;
		};
/* End PBXFrameworksBuildPhase section */

/* Begin PBXGroup section */
		F1022D401B86884E00EB05E9 = {
			isa = PBXGroup;
			children = (
				F1022D4B1B86884E00EB05E9 /* iAds Muter */,
				F1022D5C1B86884F00EB05E9 /* iAds MuterTests */,
				F1022D4A1B86884E00EB05E9 /* Products */,
			);
			sourceTree = "<group>";
		};
		F1022D4A1B86884E00EB05E9 /* Products */ = {
			isa = PBXGroup;
			children = (
				F1022D491B86884E00EB05E9 /* iAds Muter.app */,
				F1022D591B86884F00EB05E9 /* iAds MuterTests.xctest */,
			);
			name = Products;
			sourceTree = "<group>";
		};
		F1022D4B1B86884E00EB05E9 /* iAds Muter */ = {
			isa = PBXGroup;
			children = (
				F1022D4E1B86884E00EB05E9 /* AppDelegate.swift */,
				F1022D501B86884E00EB05E9 /* Images.xcassets */,
				F1022D521B86884F00EB05E9 /* MainMenu.xib */,
				F1022D4C1B86884E00EB05E9 /* Supporting Files */,
			);
			path = "iAds Muter";
			sourceTree = "<group>";
		};
		F1022D4C1B86884E00EB05E9 /* Supporting Files */ = {
			isa = PBXGroup;
			children = (
				F1022D4D1B86884E00EB05E9 /* Info.plist */,
			);
			name = "Supporting Files";
			sourceTree = "<group>";
		};
		F1022D5C1B86884F00EB05E9 /* iAds MuterTests */ = {
			isa = PBXGroup;
			children = (
				F1022D5F1B86884F00EB05E9 /* iAds_MuterTests.swift */,
				F1022D5D1B86884F00EB05E9 /* Supporting Files */,
			);
			path = "iAds MuterTests";
			sourceTree = "<group>";
		};
		F1022D5D1B86884F00EB05E9 /* Supporting Files */ = {
			isa = PBXGroup;
			children = (
				F1022D5E1B86884F00EB05E9 /* Info.plist */,
			);
			name = "Supporting Files";
			sourceTree = "<group>";
		};
/* End PBXGroup section */

/* Begin PBXNativeTarget section */
		F1022D481B86884E00EB05E9 /* iAds Muter */ = {
			isa = PBXNativeTarget;
			buildConfigurationList = F1022D631B86884F00EB05E9 /* Build configuration list for PBXNativeTarget "iAds Muter" */;
			buildPhases = (
				F1022D451B86884E00EB05E9 /* Sources */,
				F1022D461B86884E00EB05E9 /* Frameworks */,
				F1022D471B86884E00EB05E9 /* Resources */,
			);
			buildRules = (
			);
			dependencies = (
			);
			name = "iAds Muter";
			productName = "iAds Muter";
			productReference = F1022D491B86884E00EB05E9 /* iAds Muter.app */;
			productType = "com.apple.product-type.application";
		};
		F1022D581B86884F00EB05E9 /* iAds MuterTests */ = {
			isa = PBXNativeTarget;
			buildConfigurationList = F1022D661B86884F00EB05E9 /* Build configuration list for PBXNativeTarget "iAds MuterTests" */;
			buildPhases = (
				F1022D551B86884F00EB05E9 /* Sources */,
				F1022D561B86884F00EB05E9 /* Frameworks */,
				F1022D571B86884F00EB05E9 /* Resources */,
			);
			buildRules = (
			);
			dependencies = (
				F1022D5B1B86884F00EB05E9 /* PBXTargetDependency */,
			);
			name = "iAds MuterTests";
			productName = "iAds MuterTests";
			productReference = F1022D591B86884F00EB05E9 /* iAds MuterTests.xctest */;
			productType = "com.apple.product-type.bundle.unit-test";
		};
/* End PBXNativeTarget section */

/* Begin PBXProject section */
		F1022D411B86884E00EB05E9 /* Project object */ = {
			isa = PBXProject;
			attributes = {
				LastSwiftMigration = 0700;
				LastSwiftUpdateCheck = 0700;
				LastUpgradeCheck = 0700;
				ORGANIZATIONNAME = "Hoang Tran";
				TargetAttributes = {
					F1022D481B86884E00EB05E9 = {
						CreatedOnToolsVersion = 6.4;
					};
					F1022D581B86884F00EB05E9 = {
						CreatedOnToolsVersion = 6.4;
						TestTargetID = F1022D481B86884E00EB05E9;
					};
				};
			};
			buildConfigurationList = F1022D441B86884E00EB05E9 /* Build configuration list for PBXProject "iAds Muter" */;
			compatibilityVersion = "Xcode 3.2";
			developmentRegion = English;
			hasScannedForEncodings = 0;
			knownRegions = (
				en,
				Base,
			);
			mainGroup = F1022D401B86884E00EB05E9;
			productRefGroup = F1022D4A1B86884E00EB05E9 /* Products */;
			projectDirPath = "";
			projectRoot = "";
			targets = (
				F1022D481B86884E00EB05E9 /* iAds Muter */,
				F1022D581B86884F00EB05E9 /* iAds MuterTests */,
			);
		};
/* End PBXProject section */

/* Begin PBXResourcesBuildPhase section */
		F1022D471B86884E00EB05E9 /* Resources */ = {
			isa = PBXResourcesBuildPhase;
			buildActionMask = 2147483647;
			files = (
				F1022D511B86884E00EB05E9 /* Images.xcassets in Resources */,
				F1022D541B86884F00EB05E9 /* MainMenu.xib in Resources */,
			);
			runOnlyForDeploymentPostprocessing = 0;
		};
		F1022D571B86884F00EB05E9 /* Resources */ = {
			isa = PBXResourcesBuildPhase;
			buildActionMask = 2147483647;
			files = (
			);
			runOnlyForDeploymentPostprocessing = 0;
		};
/* End PBXResourcesBuildPhase section */

/* Begin PBXSourcesBuildPhase section */
		F1022D451B86884E00EB05E9 /* Sources */ = {
			isa = PBXSourcesBuildPhase;
			buildActionMask = 2147483647;
			files = (
				F1022D4F1B86884E00EB05E9 /* AppDelegate.swift in Sources */,
			);
			runOnlyForDeploymentPostprocessing = 0;
		};
		F1022D551B86884F00EB05E9 /* Sources */ = {
			isa = PBXSourcesBuildPhase;
			buildActionMask = 2147483647;
			files = (
				F1022D601B86884F00EB05E9 /* iAds_MuterTests.swift in Sources */,
			);
			runOnlyForDeploymentPostprocessing = 0;
		};
/* End PBXSourcesBuildPhase section */

/* Begin PBXTargetDependency section */
		F1022D5B1B86884F00EB05E9 /* PBXTargetDependency */ = {
			isa = PBXTargetDependency;
			target = F1022D481B86884E00EB05E9 /* iAds Muter */;
			targetProxy = F1022D5A1B86884F00EB05E9 /* PBXContainerItemProxy */;
		};
/* End PBXTargetDependency section */

/* Begin PBXVariantGroup section */
		F1022D521B86884F00EB05E9 /* MainMenu.xib */ = {
			isa = PBXVariantGroup;
			children = (
				F1022D531B86884F00EB05E9 /* Base */,
			);
			name = MainMenu.xib;
			sourceTree = "<group>";
		};
/* End PBXVariantGroup section */

/* Begin XCBuildConfiguration section */
		F1022D611B86884F00EB05E9 /* Debug */ = {
			isa = XCBuildConfiguration;
			buildSettings = {
				ALWAYS_SEARCH_USER_PATHS = NO;
				CLANG_CXX_LANGUAGE_STANDARD = "gnu++0x";
				CLANG_CXX_LIBRARY = "libc++";
				CLANG_ENABLE_MODULES = YES;
				CLANG_ENABLE_OBJC_ARC = YES;
				CLANG_WARN_BOOL_CONVERSION = YES;
				CLANG_WARN_CONSTANT_CONVERSION = YES;
				CLANG_WARN_DIRECT_OBJC_ISA_USAGE = YES_ERROR;
				CLANG_WARN_EMPTY_BODY = YES;
				CLANG_WARN_ENUM_CONVERSION = YES;
				CLANG_WARN_INT_CONVERSION = YES;
				CLANG_WARN_OBJC_ROOT_CLASS = YES_ERROR;
				CLANG_WARN_UNREACHABLE_CODE = YES;
				CLANG_WARN__DUPLICATE_METHOD_MATCH = YES;
				CODE_SIGN_IDENTITY = "-";
				COPY_PHASE_STRIP = NO;
				DEBUG_INFORMATION_FORMAT = dwarf;
				ENABLE_STRICT_OBJC_MSGSEND = YES;
				ENABLE_TESTABILITY = YES;
				GCC_C_LANGUAGE_STANDARD = gnu99;
				GCC_DYNAMIC_NO_PIC = NO;
				GCC_NO_COMMON_BLOCKS = YES;
				GCC_OPTIMIZATION_LEVEL = 0;
				GCC_PREPROCESSOR_DEFINITIONS = (
					"DEBUG=1",
					"$(inherited)",
				);
				GCC_SYMBOLS_PRIVATE_EXTERN = NO;
				GCC_WARN_64_TO_32_BIT_CONVERSION = YES;
				GCC_WARN_ABOUT_RETURN_TYPE = YES_ERROR;
				GCC_WARN_UNDECLARED_SELECTOR = YES;
				GCC_WARN_UNINITIALIZED_AUTOS = YES_AGGRESSIVE;
				GCC_WARN_UNUSED_FUNCTION = YES;
				GCC_WARN_UNUSED_VARIABLE = YES;
				MACOSX_DEPLOYMENT_TARGET = 10.10;
				MTL_ENABLE_DEBUG_INFO = YES;
				ONLY_ACTIVE_ARCH = YES;
				SDKROOT = macosx;
				SWIFT_OPTIMIZATION_LEVEL = "-Onone";
			};
			name = Debug;
		};
		F1022D621B86884F00EB05E9 /* Release */ = {
			isa = XCBuildConfiguration;
			buildSettings = {
				ALWAYS_SEARCH_USER_PATHS = NO;
				CLANG_CXX_LANGUAGE_STANDARD = "gnu++0x";
				CLANG_CXX_LIBRARY = "libc++";
				CLANG_ENABLE_MODULES = YES;
				CLANG_ENABLE_OBJC_ARC = YES;
				CLANG_WARN_BOOL_CONVERSION = YES;
				CLANG_WARN_CONSTANT_CONVERSION = YES;
				CLANG_WARN_DIRECT_OBJC_ISA_USAGE = YES_ERROR;
				CLANG_WARN_EMPTY_BODY = YES;
				CLANG_WARN_ENUM_CONVERSION = YES;
				CLANG_WARN_INT_CONVERSION = YES;
				CLANG_WARN_OBJC_ROOT_CLASS = YES_ERROR;
				CLANG_WARN_UNREACHABLE_CODE = YES;
				CLANG_WARN__DUPLICATE_METHOD_MATCH = YES;
				CODE_SIGN_IDENTITY = "-";
				COPY_PHASE_STRIP = NO;
				DEBUG_INFORMATION_FORMAT = "dwarf-with-dsym";
				ENABLE_NS_ASSERTIONS = NO;
				ENABLE_STRICT_OBJC_MSGSEND = YES;
				GCC_C_LANGUAGE_STANDARD = gnu99;
				GCC_NO_COMMON_BLOCKS = YES;
				GCC_WARN_64_TO_32_BIT_CONVERSION = YES;
				GCC_WARN_ABOUT_RETURN_TYPE = YES_ERROR;
				GCC_WARN_UNDECLARED_SELECTOR = YES;
				GCC_WARN_UNINITIALIZED_AUTOS = YES_AGGRESSIVE;
				GCC_WARN_UNUSED_FUNCTION = YES;
				GCC_WARN_UNUSED_VARIABLE = YES;
				MACOSX_DEPLOYMENT_TARGET = 10.10;
				MTL_ENABLE_DEBUG_INFO = NO;
				SDKROOT = macosx;
			};
			name = Release;
		};
		F1022D641B86884F00EB05E9 /* Debug */ = {
			isa = XCBuildConfiguration;
			buildSettings = {
				ASSETCATALOG_COMPILER_APPICON_NAME = AppIcon;
				COMBINE_HIDPI_IMAGES = YES;
				INFOPLIST_FILE = "iAds Muter/Info.plist";
				LD_RUNPATH_SEARCH_PATHS = "$(inherited) @executable_path/../Frameworks";
				PRODUCT_BUNDLE_IDENTIFIER = "com.blacklisted.$(PRODUCT_NAME:rfc1034identifier)";
				PRODUCT_NAME = "$(TARGET_NAME)";
			};
			name = Debug;
		};
		F1022D651B86884F00EB05E9 /* Release */ = {
			isa = XCBuildConfiguration;
			buildSettings = {
				ASSETCATALOG_COMPILER_APPICON_NAME = AppIcon;
				COMBINE_HIDPI_IMAGES = YES;
				INFOPLIST_FILE = "iAds Muter/Info.plist";
				LD_RUNPATH_SEARCH_PATHS = "$(inherited) @executable_path/../Frameworks";
				PRODUCT_BUNDLE_IDENTIFIER = "com.blacklisted.$(PRODUCT_NAME:rfc1034identifier)";
				PRODUCT_NAME = "$(TARGET_NAME)";
			};
			name = Release;
		};
		F1022D671B86884F00EB05E9 /* Debug */ = {
			isa = XCBuildConfiguration;
			buildSettings = {
				BUNDLE_LOADER = "$(TEST_HOST)";
				COMBINE_HIDPI_IMAGES = YES;
				FRAMEWORK_SEARCH_PATHS = (
					"$(DEVELOPER_FRAMEWORKS_DIR)",
					"$(inherited)",
				);
				GCC_PREPROCESSOR_DEFINITIONS = (
					"DEBUG=1",
					"$(inherited)",
				);
				INFOPLIST_FILE = "iAds MuterTests/Info.plist";
				LD_RUNPATH_SEARCH_PATHS = "$(inherited) @executable_path/../Frameworks @loader_path/../Frameworks";
				PRODUCT_BUNDLE_IDENTIFIER = "com.blacklisted.iAdsMuter.$(PRODUCT_NAME:rfc1034identifier)";
				PRODUCT_NAME = "$(TARGET_NAME)";
				TEST_HOST = "$(BUILT_PRODUCTS_DIR)/iAds Muter.app/Contents/MacOS/iAds Muter";
			};
			name = Debug;
		};
		F1022D681B86884F00EB05E9 /* Release */ = {
			isa = XCBuildConfiguration;
			buildSettings = {
				BUNDLE_LOADER = "$(TEST_HOST)";
				COMBINE_HIDPI_IMAGES = YES;
				FRAMEWORK_SEARCH_PATHS = (
					"$(DEVELOPER_FRAMEWORKS_DIR)",
					"$(inherited)",
				);
				INFOPLIST_FILE = "iAds MuterTests/Info.plist";
				LD_RUNPATH_SEARCH_PATHS = "$(inherited) @executable_path/../Frameworks @loader_path/../Frameworks";
				PRODUCT_BUNDLE_IDENTIFIER = "com.blacklisted.iAdsMuter.$(PRODUCT_NAME:rfc1034identifier)";
				PRODUCT_NAME = "$(TARGET_NAME)";
				TEST_HOST = "$(BUILT_PRODUCTS_DIR)/iAds Muter.app/Contents/MacOS/iAds Muter";
			};
			name = Release;
		};
/* End XCBuildConfiguration section */

/* Begin XCConfigurationList section */
		F1022D441B86884E00EB05E9 /* Build configuration list for PBXProject "iAds Muter" */ = {
			isa = XCConfigurationList;
			buildConfigurations = (
				F1022D611B86884F00EB05E9 /* Debug */,
				F1022D621B86884F00EB05E9 /* Release */,
			);
			defaultConfigurationIsVisible = 0;
			defaultConfigurationName = Release;
		};
		F1022D631B86884F00EB05E9 /* Build configuration list for PBXNativeTarget "iAds Muter" */ = {
			isa = XCConfigurationList;
			buildConfigurations = (
				F1022D641B86884F00EB05E9 /* Debug */,
				F1022D651B86884F00EB05E9 /* Release */,
			);
			defaultConfigurationIsVisible = 0;
			defaultConfigurationName = Release;
		};
		F1022D661B86884F00EB05E9 /* Build configuration list for PBXNativeTarget "iAds MuterTests" */ = {
			isa = XCConfigurationList;
			buildConfigurations = (
				F1022D671B86884F00EB05E9 /* Debug */,
				F1022D681B86884F00EB05E9 /* Release */,
			);
			defaultConfigurationIsVisible = 0;
			defaultConfigurationName = Release;
		};
/* End XCConfigurationList section */
	};
	rootObject = F1022D411B86884E00EB05E9 /* Project object */;
}
